
Microsoft Visual Studio Solution File, Format Version 12.00
# Visual Studio Version 17
VisualStudioVersion = 17.0.31903.59
MinimumVisualStudioVersion = 10.0.40219.1
Project("{9A19103F-16F7-4668-BE54-9A1E7A4F7556}") = "CredentialManager", "CredentialManager\CredentialManager.csproj", "{3923A11F-9417-4B21-9BCB-FF9FE8E4B01B}"
EndProject
Global
	GlobalSection(SolutionConfigurationPlatforms) = preSolution
		Debug|ARM64 = Debug|ARM64
		Debug|x64 = Debug|x64
		Release|ARM64 = Release|ARM64
		Release|x64 = Release|x64
	EndGlobalSection
	GlobalSection(ProjectConfigurationPlatforms) = postSolution
		{3923A11F-9417-4B21-9BCB-FF9FE8E4B01B}.Debug|ARM64.ActiveCfg = Debug|ARM64
		{3923A11F-9417-4B21-9BCB-FF9FE8E4B01B}.Debug|ARM64.Build.0 = Debug|ARM64
		{3923A11F-9417-4B21-9BCB-FF9FE8E4B01B}.Debug|x64.ActiveCfg = Debug|x64
		{3923A11F-9417-4B21-9BCB-FF9FE8E4B01B}.Debug|x64.Build.0 = Debug|x64
		{3923A11F-9417-4B21-9BCB-FF9FE8E4B01B}.Release|ARM64.ActiveCfg = Release|ARM64
		{3923A11F-9417-4B21-9BCB-FF9FE8E4B01B}.Release|ARM64.Build.0 = Release|ARM64
		{3923A11F-9417-4B21-9BCB-FF9FE8E4B01B}.Release|x64.ActiveCfg = Release|x64
		{3923A11F-9417-4B21-9BCB-FF9FE8E4B01B}.Release|x64.Build.0 = Release|x64
	EndGlobalSection
	GlobalSection(SolutionProperties) = preSolution
		HideSolutionNode = FALSE
	EndGlobalSection
EndGlobal
